
Microsoft Visual Studio Solution File, Format Version 12.00
# Visual Studio Version 17
VisualStudioVersion = 17.5.33414.496
MinimumVisualStudioVersion = 10.0.40219.1
Project("{8BC9CEB8-8B4A-11D0-8D11-00A0C91BC942}") = "LinearSearch_131", "LinearSearch_131\LinearSearch_131.vcxproj", "{1805630C-5320-428F-99CF-46D00846A6DE}"
EndProject
Global
	GlobalSection(SolutionConfigurationPlatforms) = preSolution
		Debug|x64 = Debug|x64
		Debug|x86 = Debug|x86
		Release|x64 = Release|x64
		Release|x86 = Release|x86
	EndGlobalSection
	GlobalSection(ProjectConfigurationPlatforms) = postSolution
		{1805630C-5320-428F-99CF-46D00846A6DE}.Debug|x64.ActiveCfg = Debug|x64
		{1805630C-5320-428F-99CF-46D00846A6DE}.Debug|x64.Build.0 = Debug|x64
		{1805630C-5320-428F-99CF-46D00846A6DE}.Debug|x86.ActiveCfg = Debug|Win32
		{1805630C-5320-428F-99CF-46D00846A6DE}.Debug|x86.Build.0 = Debug|Win32
		{1805630C-5320-428F-99CF-46D00846A6DE}.Release|x64.ActiveCfg = Release|x64
		{1805630C-5320-428F-99CF-46D00846A6DE}.Release|x64.Build.0 = Release|x64
		{1805630C-5320-428F-99CF-46D00846A6DE}.Release|x86.ActiveCfg = Release|Win32
		{1805630C-5320-428F-99CF-46D00846A6DE}.Release|x86.Build.0 = Release|Win32
	EndGlobalSection
	GlobalSection(SolutionProperties) = preSolution
		HideSolutionNode = FALSE
	EndGlobalSection
	GlobalSection(ExtensibilityGlobals) = postSolution
		SolutionGuid = {345C5638-A1B9-4E2A-B8AA-A386A6DFDB0A}
	EndGlobalSection
EndGlobal
